
Microsoft Visual Studio Solution File, Format Version 12.00
# Visual Studio 15
VisualStudioVersion = 15.0.28307.438
MinimumVisualStudioVersion = 10.0.40219.1
Project("{8BC9CEB8-8B4A-11D0-8D11-00A0C91BC942}") = "Assignment Client", "Assignment Client\Assignment Client.vcxproj", "{45808F43-1F25-4E36-9421-DD10231003B6}"
EndProject
Global
	GlobalSection(SolutionConfigurationPlatforms) = preSolution
		Debug|x64 = Debug|x64
		Debug|x86 = Debug|x86
		Release|x64 = Release|x64
		Release|x86 = Release|x86
	EndGlobalSection
	GlobalSection(ProjectConfigurationPlatforms) = postSolution
		{45808F43-1F25-4E36-9421-DD10231003B6}.Debug|x64.ActiveCfg = Debug|x64
		{45808F43-1F25-4E36-9421-DD10231003B6}.Debug|x64.Build.0 = Debug|x64
		{45808F43-1F25-4E36-9421-DD10231003B6}.Debug|x86.ActiveCfg = Debug|Win32
		{45808F43-1F25-4E36-9421-DD10231003B6}.Debug|x86.Build.0 = Debug|Win32
		{45808F43-1F25-4E36-9421-DD10231003B6}.Release|x64.ActiveCfg = Release|x64
		{45808F43-1F25-4E36-9421-DD10231003B6}.Release|x64.Build.0 = Release|x64
		{45808F43-1F25-4E36-9421-DD10231003B6}.Release|x86.ActiveCfg = Release|Win32
		{45808F43-1F25-4E36-9421-DD10231003B6}.Release|x86.Build.0 = Release|Win32
	EndGlobalSection
	GlobalSection(SolutionProperties) = preSolution
		HideSolutionNode = FALSE
	EndGlobalSection
	GlobalSection(ExtensibilityGlobals) = postSolution
		SolutionGuid = {2DDE8EB5-334F-43CE-94BC-65FB74C5525F}
	EndGlobalSection
EndGlobal
